
Microsoft Visual Studio Solution File, Format Version 12.00
# Visual Studio Version 17
VisualStudioVersion = 17.9.34728.123
MinimumVisualStudioVersion = 10.0.40219.1
Project("{9A19103F-16F7-4668-BE54-9A1E7A4F7556}") = "Easy.Ma.ExpressionBuilder.Console", "Easy.Ma.ExpressionBuilder.Console\Easy.Ma.ExpressionBuilder.Console.csproj", "{0644EAAF-3206-4BA2-9BC7-F32CB00A11A0}"
EndProject
Project("{9A19103F-16F7-4668-BE54-9A1E7A4F7556}") = "Easy.MA.ExpressionBuilder.Test", "Easy.MA.ExpressionBuilder.Test\Easy.MA.ExpressionBuilder.Test.csproj", "{E960D95F-ACB5-447F-9EC9-CDF2ED222347}"
EndProject
Project("{9A19103F-16F7-4668-BE54-9A1E7A4F7556}") = "Easy.MA.ExpressionBuilder.Models", "Easy.MA.ExpressionBuilder.Models\Easy.MA.ExpressionBuilder.Models.csproj", "{C886FE65-ECFC-420F-96B4-5A43B7573765}"
EndProject
Project("{9A19103F-16F7-4668-BE54-9A1E7A4F7556}") = "Easy.Ma.ExpressionBuilder.WebApi", "Easy.Ma.ExpressionBuilder.WebApi\Easy.Ma.ExpressionBuilder.WebApi.csproj", "{B5A3F947-5670-40F7-BDD3-AF9F0DCE3DB8}"
EndProject
Project("{9A19103F-16F7-4668-BE54-9A1E7A4F7556}") = "Easy.MA.ExpressionBuilder", "Easy.MA.ExpressionBuilder\Easy.MA.ExpressionBuilder.csproj", "{B1E8DC90-D620-4905-B833-E207C57B5FF2}"
EndProject
Global
	GlobalSection(SolutionConfigurationPlatforms) = preSolution
		Debug|Any CPU = Debug|Any CPU
		Release|Any CPU = Release|Any CPU
	EndGlobalSection
	GlobalSection(ProjectConfigurationPlatforms) = postSolution
		{0644EAAF-3206-4BA2-9BC7-F32CB00A11A0}.Debug|Any CPU.ActiveCfg = Debug|Any CPU
		{0644EAAF-3206-4BA2-9BC7-F32CB00A11A0}.Debug|Any CPU.Build.0 = Debug|Any CPU
		{0644EAAF-3206-4BA2-9BC7-F32CB00A11A0}.Release|Any CPU.ActiveCfg = Release|Any CPU
		{0644EAAF-3206-4BA2-9BC7-F32CB00A11A0}.Release|Any CPU.Build.0 = Release|Any CPU
		{E960D95F-ACB5-447F-9EC9-CDF2ED222347}.Debug|Any CPU.ActiveCfg = Debug|Any CPU
		{E960D95F-ACB5-447F-9EC9-CDF2ED222347}.Debug|Any CPU.Build.0 = Debug|Any CPU
		{E960D95F-ACB5-447F-9EC9-CDF2ED222347}.Release|Any CPU.ActiveCfg = Release|Any CPU
		{E960D95F-ACB5-447F-9EC9-CDF2ED222347}.Release|Any CPU.Build.0 = Release|Any CPU
		{C886FE65-ECFC-420F-96B4-5A43B7573765}.Debug|Any CPU.ActiveCfg = Debug|Any CPU
		{C886FE65-ECFC-420F-96B4-5A43B7573765}.Debug|Any CPU.Build.0 = Debug|Any CPU
		{C886FE65-ECFC-420F-96B4-5A43B7573765}.Release|Any CPU.ActiveCfg = Release|Any CPU
		{C886FE65-ECFC-420F-96B4-5A43B7573765}.Release|Any CPU.Build.0 = Release|Any CPU
		{B5A3F947-5670-40F7-BDD3-AF9F0DCE3DB8}.Debug|Any CPU.ActiveCfg = Debug|Any CPU
		{B5A3F947-5670-40F7-BDD3-AF9F0DCE3DB8}.Debug|Any CPU.Build.0 = Debug|Any CPU
		{B5A3F947-5670-40F7-BDD3-AF9F0DCE3DB8}.Release|Any CPU.ActiveCfg = Release|Any CPU
		{B5A3F947-5670-40F7-BDD3-AF9F0DCE3DB8}.Release|Any CPU.Build.0 = Release|Any CPU
		{B1E8DC90-D620-4905-B833-E207C57B5FF2}.Debug|Any CPU.ActiveCfg = Debug|Any CPU
		{B1E8DC90-D620-4905-B833-E207C57B5FF2}.Debug|Any CPU.Build.0 = Debug|Any CPU
		{B1E8DC90-D620-4905-B833-E207C57B5FF2}.Release|Any CPU.ActiveCfg = Release|Any CPU
		{B1E8DC90-D620-4905-B833-E207C57B5FF2}.Release|Any CPU.Build.0 = Release|Any CPU
	EndGlobalSection
	GlobalSection(SolutionProperties) = preSolution
		HideSolutionNode = FALSE
	EndGlobalSection
	GlobalSection(ExtensibilityGlobals) = postSolution
		SolutionGuid = {04CEF6F9-4634-45DC-AC07-CEE1EF372DF3}
	EndGlobalSection
EndGlobal
