
Microsoft Visual Studio Solution File, Format Version 12.00
# Visual Studio Version 17
VisualStudioVersion = 17.9.34728.123
MinimumVisualStudioVersion = 10.0.40219.1
Project("{9A19103F-16F7-4668-BE54-9A1E7A4F7556}") = "Easy.MA.ExpressionBuilder", "Easy.MA.PredicateBuilder\Easy.MA.ExpressionBuilder.csproj", "{AA946826-585C-4093-9DBF-552CC5F4EA81}"
EndProject
Project("{9A19103F-16F7-4668-BE54-9A1E7A4F7556}") = "Easy.MA.ExpressionBuilder.Models", "Easy.MA.PredicateBuilder.SampleClass\Easy.MA.ExpressionBuilder.Models.csproj", "{62648045-F64C-4B1D-B01F-5695FEA0EF24}"
EndProject
Project("{9A19103F-16F7-4668-BE54-9A1E7A4F7556}") = "Easy.MA.ExpressionBuilder.Test", "Easy.MA.PredicateBuilder.Test\Easy.MA.ExpressionBuilder.Test.csproj", "{2F4494A4-1659-4E88-817D-0B1FD8795A18}"
EndProject
Project("{9A19103F-16F7-4668-BE54-9A1E7A4F7556}") = "Easy.Ma.ExpressionBuilder.Console", "Easy.Ma.ExpressionBuilder.Console\Easy.Ma.ExpressionBuilder.Console.csproj", "{0644EAAF-3206-4BA2-9BC7-F32CB00A11A0}"
EndProject
Global
	GlobalSection(SolutionConfigurationPlatforms) = preSolution
		Debug|Any CPU = Debug|Any CPU
		Release|Any CPU = Release|Any CPU
	EndGlobalSection
	GlobalSection(ProjectConfigurationPlatforms) = postSolution
		{AA946826-585C-4093-9DBF-552CC5F4EA81}.Debug|Any CPU.ActiveCfg = Debug|Any CPU
		{AA946826-585C-4093-9DBF-552CC5F4EA81}.Debug|Any CPU.Build.0 = Debug|Any CPU
		{AA946826-585C-4093-9DBF-552CC5F4EA81}.Release|Any CPU.ActiveCfg = Release|Any CPU
		{AA946826-585C-4093-9DBF-552CC5F4EA81}.Release|Any CPU.Build.0 = Release|Any CPU
		{62648045-F64C-4B1D-B01F-5695FEA0EF24}.Debug|Any CPU.ActiveCfg = Debug|Any CPU
		{62648045-F64C-4B1D-B01F-5695FEA0EF24}.Debug|Any CPU.Build.0 = Debug|Any CPU
		{62648045-F64C-4B1D-B01F-5695FEA0EF24}.Release|Any CPU.ActiveCfg = Release|Any CPU
		{62648045-F64C-4B1D-B01F-5695FEA0EF24}.Release|Any CPU.Build.0 = Release|Any CPU
		{2F4494A4-1659-4E88-817D-0B1FD8795A18}.Debug|Any CPU.ActiveCfg = Debug|Any CPU
		{2F4494A4-1659-4E88-817D-0B1FD8795A18}.Debug|Any CPU.Build.0 = Debug|Any CPU
		{2F4494A4-1659-4E88-817D-0B1FD8795A18}.Release|Any CPU.ActiveCfg = Release|Any CPU
		{2F4494A4-1659-4E88-817D-0B1FD8795A18}.Release|Any CPU.Build.0 = Release|Any CPU
		{0644EAAF-3206-4BA2-9BC7-F32CB00A11A0}.Debug|Any CPU.ActiveCfg = Debug|Any CPU
		{0644EAAF-3206-4BA2-9BC7-F32CB00A11A0}.Debug|Any CPU.Build.0 = Debug|Any CPU
		{0644EAAF-3206-4BA2-9BC7-F32CB00A11A0}.Release|Any CPU.ActiveCfg = Release|Any CPU
		{0644EAAF-3206-4BA2-9BC7-F32CB00A11A0}.Release|Any CPU.Build.0 = Release|Any CPU
	EndGlobalSection
	GlobalSection(SolutionProperties) = preSolution
		HideSolutionNode = FALSE
	EndGlobalSection
	GlobalSection(ExtensibilityGlobals) = postSolution
		SolutionGuid = {04CEF6F9-4634-45DC-AC07-CEE1EF372DF3}
	EndGlobalSection
EndGlobal
